
Microsoft Visual Studio Solution File, Format Version 12.00
# Visual Studio Version 16
VisualStudioVersion = 16.0.31702.278
MinimumVisualStudioVersion = 10.0.40219.1
Project("{FAE04EC0-301F-11D3-BF4B-00C04F79EFBC}") = "AWSKeyUpdater", "AWSKeyUpdater.csproj", "{CA7E91F9-36ED-4959-842D-94636241BA9A}"
EndProject
Global
	GlobalSection(SolutionConfigurationPlatforms) = preSolution
		Debug|Any CPU = Debug|Any CPU
		Release|Any CPU = Release|Any CPU
	EndGlobalSection
	GlobalSection(ProjectConfigurationPlatforms) = postSolution
		{CA7E91F9-36ED-4959-842D-94636241BA9A}.Debug|Any CPU.ActiveCfg = Debug|Any CPU
		{CA7E91F9-36ED-4959-842D-94636241BA9A}.Debug|Any CPU.Build.0 = Debug|Any CPU
		{CA7E91F9-36ED-4959-842D-94636241BA9A}.Release|Any CPU.ActiveCfg = Release|Any CPU
		{CA7E91F9-36ED-4959-842D-94636241BA9A}.Release|Any CPU.Build.0 = Release|Any CPU
	EndGlobalSection
	GlobalSection(SolutionProperties) = preSolution
		HideSolutionNode = FALSE
	EndGlobalSection
	GlobalSection(ExtensibilityGlobals) = postSolution
		SolutionGuid = {99FE2E91-555E-42B9-8AE5-CE5BDEB6A93C}
	EndGlobalSection
EndGlobal
